<?xml version="1.0" encoding="utf-8"?>
<Project ToolsVersion="4.0" xmlns="http://schemas.microsoft.com/developer/msbuild/2003">
  <ItemGroup>
    <Filter Include="Source Files">
      <UniqueIdentifier>{2b6b117b-deda-415c-beb2-a1c0133fd465}</UniqueIdentifier>
    </Filter>
    <Filter Include="Resource Files">
      <UniqueIdentifier>{f3928aa5-1fc0-4a70-927e-f8fe17c21836}</UniqueIdentifier>
    </Filter>
    <Filter Include="Header Files">
      <UniqueIdentifier>{aabe6e4f-3350-43d8-9724-604aa9443639}</UniqueIdentifier>
    </Filter>
  </ItemGroup>
  <ItemGroup>
    <None Include="Results\image.ppm">
      <Filter>Resource Files</Filter>
    </None>
  </ItemGroup>
  <ItemGroup>
    <ClInclude Include="Headers\camera.cuh">
      <Filter>Header Files</Filter>
    </ClInclude>
    <ClInclude Include="Headers\fileCreate.h">
      <Filter>Header Files</Filter>
    </ClInclude>
    <ClInclude Include="Headers\hitable.cuh">
      <Filter>Header Files</Filter>
    </ClInclude>
    <ClInclude Include="Headers\hitable_list.cuh">
      <Filter>Header Files</Filter>
    </ClInclude>
    <ClInclude Include="Headers\material.cuh">
      <Filter>Header Files</Filter>
    </ClInclude>
    <ClInclude Include="Headers\ray.cuh">
      <Filter>Header Files</Filter>
    </ClInclude>
    <ClInclude Include="Headers\sphere.cuh">
      <Filter>Header Files</Filter>
    </ClInclude>
    <ClInclude Include="Headers\vec3.cuh">
      <Filter>Header Files</Filter>
    </ClInclude>
  </ItemGroup>
  <ItemGroup>
    <CudaCompile Include="Sources\camera.cu">
      <Filter>Source Files</Filter>
    </CudaCompile>
    <CudaCompile Include="Sources\hitable_list.cu">
      <Filter>Source Files</Filter>
    </CudaCompile>
    <CudaCompile Include="Sources\main.cu">
      <Filter>Source Files</Filter>
    </CudaCompile>
    <CudaCompile Include="Sources\material.cu">
      <Filter>Source Files</Filter>
    </CudaCompile>
    <CudaCompile Include="Sources\sphere.cu">
      <Filter>Source Files</Filter>
    </CudaCompile>
  </ItemGroup>
  <ItemGroup>
    <ClCompile Include="Sources\fileCreate.cpp">
      <Filter>Source Files</Filter>
    </ClCompile>
  </ItemGroup>
</Project>